(setq el-get-lock-package-versions
      '((emacs-eruby-mode :checksum "291b4188b5f9a66881ebd129a5811faa8dbfc0cd")
        (eaw :checksum "63ff8254d51718ea7b933a20c66c4cd8c12abe42")
        (php-mode :checksum "f1da0bec47cbbca7065e53cc1eaee920bb4f67d2")
        (flycheck :checksum "269237f6529a4ad7db5bbbc5a40c1f038accf3cd")
        (ghub :checksum "7d59937d7782d0062216130a4d059b45e8396f82")
        (treepy :checksum "b40e6b09eb9be45da67b8c9e4990a5a0d7a2a09d")
        (graphql :checksum "e2b309689f4faf9225f290080f836e988c5a576d")
        (magit-popup :checksum "4250c3a606011e3ff2477e3b5bbde2b493f3c85c")
        (el-get :checksum "e8bdc7be1a61faf61787d4a3c0b80dafc37d2ef4")
        (el-get-lock :checksum "df8cfe55441695865a64b97946750b6413a40425")
        (git-gutter :checksum "00c05264af046b5ce248e5b0bc42f117d9c27a09")
        (helm-ls-git :checksum "0702bc1950f26358c1a024bdbb2d0b1d7dcd2e51")
        (helm :checksum "353c84076d5489b6a4085537775992226f9d5156")
        (docker :checksum "32b5e4458adfb656773ace501e7c993a5c75f53c")
        (json-mode :checksum "0e819e519ae17a2686e0881c4ca51fa873fa9b83")
        (json-reformat :checksum "8eb6668ed447988aea06467ba8f42e1f2178246f")
        (json-snatcher :checksum "c4cecc0a5051bd364373aa499c47a1bb7a5ac51c")
        (docker-tramp :checksum "8e2b671eff7a81af43b76d9dfcf94ddaa8333a23")
        (tablist :checksum "389730ef0a01e73358d24a37f40fd9db01917f6c")
        (with-editor :checksum "9dd9f176d96abc60365369de6d08c26c414ef1f3")
        (emacs-pug-mode :checksum "685fd3414d89736bf232f5d1a6bed9e0353b98fe")
        (mb-url :checksum "7230902e1f844e0a1388f741e9ae6260cda3de69")
        (highlight-indentation-guides :checksum "e46356487d4b19144af3025cf16f1b1bd174a450")
        (web-mode :checksum "e31d1dd4ee436db8aaca3f35223af5a05fb47dec")
        (dockerfile-mode :checksum "818e6946fcf2d58438ab78ea06761a372cc5435a")
        (anzu :checksum "e6c56ca8b23ac433f7be58b6f3f50801dd4164e4")
        (auto-complete :checksum "2e83566ddfa758c69afe50b8a1c62a66f47471e3")
        (dash :checksum "a74f4cfcdc8d0642a9f602ad494f0354f27dacc9")
        (ag :checksum "77b4f50c5372bf219da496567b2b867261f0d354")
        (color-moccur :checksum "4f1c59ffd1ccc2ab1a171cd6b721e8cb9e002fb7")
        (magit :checksum "bcd161d8ad3fcd80cbf69e7720c1d75a79415021")))
(setq el-get-lock-locked-packages 'nil)
(setq el-get-lock-unlocked-packages 'nil)
